GEM
  remote: https://rubygems.org/
  specs:
    activesupport (8.1.3)
      base64
      bigdecimal
      concurrent-ruby (~> 1.0, >= 1.3.1)
      connection_pool (>= 2.2.5)
      drb
      i18n (>= 1.6, < 2)
      json
      logger (>= 1.4.2)
      minitest (>= 5.1)
      securerandom (>= 0.3)
      tzinfo (~> 2.0, >= 2.0.5)
      uri (>= 0.13.1)
    addressable (2.9.0)
      public_suffix (>= 2.0.2, < 8.0)
    ask-agent (0.3.1)
      ask-core (>= 0.1)
      ask-instrumentation (>= 0.1)
      ask-llm-providers (>= 0.1)
      ask-skills (>= 0.1)
      ask-tools (>= 0.1)
    ask-auth (0.1.1)
      base64 (~> 0.2)
    ask-core (0.2.5)
    ask-instrumentation (0.2.1)
      activesupport (>= 7.0)
    ask-llm-providers (0.8.3)
      ask-auth (>= 0.1)
      ask-core (>= 0.2.0)
      base64 (~> 0.2)
      faraday (>= 2.0)
      faraday-multipart (>= 1.0)
      json
    ask-mcp (0.4.0)
      httpx (~> 1.4)
      json-schema (~> 5.0)
    ask-sandbox-providers (0.1.2)
    ask-schema (0.1.1)
    ask-skills (0.2.2)
    ask-tools (0.2.4)
      ask-schema (>= 0.1)
    ask-tools-shell (0.3.4)
      ask-sandbox-providers (>= 0.1)
      ask-tools (>= 0.1)
    ask-web-search (0.2.3)
      ask-tools (>= 0.1)
    base64 (0.3.0)
    bigdecimal (4.1.2)
    concurrent-ruby (1.3.7)
    connection_pool (3.0.2)
    crack (1.0.1)
      bigdecimal
      rexml
    debug (1.11.1)
      irb (~> 1.10)
      reline (>= 0.3.8)
    drb (2.2.3)
    erb (6.0.5)
    faraday (2.14.3)
      faraday-net_http (>= 2.0, < 3.5)
      json
      logger
    faraday-multipart (1.2.0)
      multipart-post (~> 2.0)
    faraday-net_http (3.4.4)
      net-http (~> 0.5)
    hashdiff (1.2.1)
    http-2 (1.2.1)
    httpx (1.8.0)
      http-2 (>= 1.2.0)
    i18n (1.15.2)
      concurrent-ruby (~> 1.0)
    io-console (0.8.2)
    irb (1.18.0)
      pp (>= 0.6.0)
      prism (>= 1.3.0)
      rdoc (>= 4.0.0)
      reline (>= 0.4.2)
    json (2.21.1)
    json-schema (5.1.0)
      addressable (~> 2.8)
    logger (1.7.0)
    minitest (5.27.0)
    mocha (3.1.0)
      ruby2_keywords (>= 0.0.5)
    multipart-post (2.4.1)
    mustermann (3.1.1)
    net-http (0.9.1)
      uri (>= 0.11.1)
    nio4r (2.7.5)
    ostruct (0.6.3)
    pp (0.6.4)
      prettyprint
    prettyprint (0.2.0)
    prism (1.9.0)
    public_suffix (7.0.5)
    puma (8.0.2)
      nio4r (~> 2.0)
    rack (3.2.6)
    rack-protection (4.2.1)
      base64 (>= 0.1.0)
      logger (>= 1.6.0)
      rack (>= 3.0.0, < 4)
    rack-session (2.1.2)
      base64 (>= 0.1.0)
      rack (>= 3.0.0)
    rack-test (2.2.0)
      rack (>= 1.3)
    rackup (2.3.1)
      rack (>= 3)
    rake (13.4.2)
    rbs (4.0.3)
      logger
      prism (>= 1.6.0)
      tsort
    rdoc (8.0.0)
      erb
      prism (>= 1.6.0)
      rbs (>= 4.0.0)
      tsort
    reline (0.6.3)
      io-console (~> 0.5)
    rexml (3.4.4)
    ruby2_keywords (0.0.5)
    securerandom (0.4.1)
    sinatra (4.2.1)
      logger (>= 1.6.0)
      mustermann (~> 3.0)
      rack (>= 3.0.0, < 4)
      rack-protection (= 4.2.1)
      rack-session (>= 2.0.0, < 3)
      tilt (~> 2.0)
    sqlite3 (2.9.5-aarch64-linux-gnu)
    sqlite3 (2.9.5-aarch64-linux-musl)
    sqlite3 (2.9.5-arm-linux-gnu)
    sqlite3 (2.9.5-arm-linux-musl)
    sqlite3 (2.9.5-arm64-darwin)
    sqlite3 (2.9.5-x86-linux-gnu)
    sqlite3 (2.9.5-x86-linux-musl)
    sqlite3 (2.9.5-x86_64-darwin)
    sqlite3 (2.9.5-x86_64-linux-gnu)
    sqlite3 (2.9.5-x86_64-linux-musl)
    tilt (2.8.0)
    tsort (0.2.0)
    tzinfo (2.0.6)
      concurrent-ruby (~> 1.0)
    uri (1.1.1)
    vcr (6.4.0)
    webmock (3.26.2)
      addressable (>= 2.8.0)
      crack (>= 0.3.2)
      hashdiff (>= 0.4.0, < 2.0.0)

PLATFORMS
  aarch64-linux-gnu
  aarch64-linux-musl
  arm-linux-gnu
  arm-linux-musl
  arm64-darwin
  x86-linux-gnu
  x86-linux-musl
  x86_64-darwin
  x86_64-linux-gnu
  x86_64-linux-musl

DEPENDENCIES
  ask-agent
  ask-core
  ask-llm-providers
  ask-mcp (~> 0.4)
  ask-schema
  ask-tools
  ask-tools-shell
  ask-web-search (~> 0.2)
  debug
  minitest (~> 5.0)
  mocha (~> 3.0)
  ostruct
  puma (~> 8.0)
  rack-test (~> 2.0)
  rackup (~> 2.0)
  rake (~> 13.0)
  sinatra (~> 4.0)
  sqlite3 (~> 2.0)
  vcr (~> 6.0)
  webmock (~> 3.26)

CHECKSUMS
  activesupport (8.1.3) sha256=21a5e0dfbd4c3ddd9e1317ec6a4d782fa226e7867dc70b0743acda81a1dca20e
  addressable (2.9.0) sha256=7fdf6ac3660f7f4e867a0838be3f6cf722ace541dd97767fa42bc6cfa980c7af
  ask-agent (0.3.1) sha256=facf74f158113fb91f617ecf5b22fbe6ea734d524f4fdf2c17579bdc0d68841c
  ask-auth (0.1.1) sha256=ee3cbe3239145ab1b27f9760fb13ad8a25129a29a5c4b2355a9ead633f002ada
  ask-core (0.2.5) sha256=43efc547078946a90139280746e952676618a5271a00ee9ab587bac85518081c
  ask-instrumentation (0.2.1) sha256=0a8d2e2d6653d1b6f551eda0fbabd068c0a9076939f36fa605cd0a13112cdba1
  ask-llm-providers (0.8.3) sha256=46e256d8d46adb613286f160f7ad606a9ee0f75d80fde24c7dc8fe249a52ac64
  ask-mcp (0.4.0) sha256=3578ee0cbe19e65f20c206710f7c57af69b362c9647dc51acee111ed18a7b9dc
  ask-sandbox-providers (0.1.2) sha256=388d2486d6d8f0b78a5fc87f90d56095892f88dff6197b74e081ea96833c0500
  ask-schema (0.1.1) sha256=1be1c107c2f7cdacde9cf8d4dfc004e586f652c2b979e1829fab748f66ca98bd
  ask-skills (0.2.2) sha256=b41cd44de3b887cf75d29a972d78327c444c2718b313e06014b172d3ba495f8c
  ask-tools (0.2.4) sha256=c7f6fbcb99ed9e8201316300c4d6295f4e2df1dca5cec1d10de4c3bb2b2aa7a7
  ask-tools-shell (0.3.4) sha256=15deeff7a5f74003f2eaf0a803d310844e8bbe1f768506182a133a394a587332
  ask-web-search (0.2.3) sha256=400ce5d4bdc78846bc1e765fc40bcbf1af9aa648fc695d3649e6ee3a558a4a43
  base64 (0.3.0) sha256=27337aeabad6ffae05c265c450490628ef3ebd4b67be58257393227588f5a97b
  bigdecimal (4.1.2) sha256=53d217666027eab4280346fba98e7d5b66baaae1b9c3c1c0ffe89d48188a3fbd
  bundler (4.0.12) sha256=7f8b757d28dfb636e7b24fba2344ac6dd13b5b24f4b46d62573d483f211825ac
  concurrent-ruby (1.3.7) sha256=4412caec3a5ea2e5fdc52076724c071a81f2c0593d83b2ac8cbb8ca63b3151b0
  connection_pool (3.0.2) sha256=33fff5ba71a12d2aa26cb72b1db8bba2a1a01823559fb01d29eb74c286e62e0a
  crack (1.0.1) sha256=ff4a10390cd31d66440b7524eb1841874db86201d5b70032028553130b6d4c7e
  debug (1.11.1) sha256=2e0b0ac6119f2207a6f8ac7d4a73ca8eb4e440f64da0a3136c30343146e952b6
  drb (2.2.3) sha256=0b00d6fdb50995fe4a45dea13663493c841112e4068656854646f418fda13373
  erb (6.0.5) sha256=858e63488cb796c9daba8b6e9ff4b3879c395022049be9a66a8e00980e612eac
  faraday (2.14.3) sha256=1882247e6766615c8220b4392bf1d27f6ebb63d8e28267587cef1fb0bf37f278
  faraday-multipart (1.2.0) sha256=7d89a949693714176f612323ca13746a2ded204031a6ba528adee788694ef757
  faraday-net_http (3.4.4) sha256=0e78af151747ed1b00f33e25973b4bc220d7f16c00c39676817c8b12331eb588
  hashdiff (1.2.1) sha256=9c079dbc513dfc8833ab59c0c2d8f230fa28499cc5efb4b8dd276cf931457cd1
  http-2 (1.2.1) sha256=d290f3b7daa70b8be8cd2260306c01243c73ec4df9d598feadaf0ed26e00b9b7
  httpx (1.8.0) sha256=10b300875be99cbc3497397278cf99632262567886f3582ee25ce492bdadbe2a
  i18n (1.15.2) sha256=00f9eb62412fe593b2a65a97daa75300d37abb8f7202ec748e94b6d46a9dd1b5
  io-console (0.8.2) sha256=d6e3ae7a7cc7574f4b8893b4fca2162e57a825b223a177b7afa236c5ef9814cc
  irb (1.18.0) sha256=de9454a0703a54704b9811a5ef31a60c86949fbf4013fcf244fabc7c775248e3
  json (2.21.1) sha256=13a43df75d95641443f5702dff350f237164a9d811ff0f2c2800d4d980220583
  json-schema (5.1.0) sha256=c12729e346dce58ecc9be07301f4f247aeba1e3daae208e867278f3d27c64eb7
  logger (1.7.0) sha256=196edec7cc44b66cfb40f9755ce11b392f21f7967696af15d274dde7edff0203
  minitest (5.27.0) sha256=2d3b17f8a36fe7801c1adcffdbc38233b938eb0b4966e97a6739055a45fa77d5
  mocha (3.1.0) sha256=75f42d69ebfb1f10b32489dff8f8431d37a418120ecdfc07afe3bc183d4e1d56
  multipart-post (2.4.1) sha256=9872d03a8e552020ca096adadbf5e3cb1cd1cdd6acd3c161136b8a5737cdb4a8
  mustermann (3.1.1) sha256=4c6170c7234d5499c345562ba7c7dfe73e1754286dcc1abb053064d66a127198
  net-http (0.9.1) sha256=25ba0b67c63e89df626ed8fac771d0ad24ad151a858af2cc8e6a716ca4336996
  nio4r (2.7.5) sha256=6c90168e48fb5f8e768419c93abb94ba2b892a1d0602cb06eef16d8b7df1dca1
  ostruct (0.6.3) sha256=95a2ed4a4bd1d190784e666b47b2d3f078e4a9efda2fccf18f84ddc6538ed912
  pp (0.6.4) sha256=dfcb0fce700c41456265922884f9fe195d7fbb0674a3578e6c0f69588e82b570
  prettyprint (0.2.0) sha256=2bc9e15581a94742064a3cc8b0fb9d45aae3d03a1baa6ef80922627a0766f193
  prism (1.9.0) sha256=7b530c6a9f92c24300014919c9dcbc055bf4cdf51ec30aed099b06cd6674ef85
  public_suffix (7.0.5) sha256=1a8bb08f1bbea19228d3bed6e5ed908d1cb4f7c2726d18bd9cadf60bc676f623
  puma (8.0.2) sha256=c8ed871dfbbe66448ea9ffd46692342d9804d4071522b52b5331b7b6e7b686fb
  rack (3.2.6) sha256=5ed78e1f73b2e25679bec7d45ee2d4483cc4146eb1be0264fc4d94cb5ef212c2
  rack-protection (4.2.1) sha256=cf6e2842df8c55f5e4d1a4be015e603e19e9bc3a7178bae58949ccbb58558bac
  rack-session (2.1.2) sha256=595434f8c0c3473ae7d7ac56ecda6cc6dfd9d37c0b2b5255330aa1576967ffe8
  rack-test (2.2.0) sha256=005a36692c306ac0b4a9350355ee080fd09ddef1148a5f8b2ac636c720f5c463
  rackup (2.3.1) sha256=6c79c26753778e90983761d677a48937ee3192b3ffef6bc963c0950f94688868
  rake (13.4.2) sha256=cb825b2bd5f1f8e91ca37bddb4b9aaf345551b4731da62949be002fa89283701
  rbs (4.0.3) sha256=5a7bf70e2628549d9a1f44eae447b2cfe55968a9c60cfff52693a4bdcc020e14
  rdoc (8.0.0) sha256=03bf8c08a9639658855a0cfd77c0abca8325c227693f7f33f82957811348c469
  reline (0.6.3) sha256=1198b04973565b36ec0f11542ab3f5cfeeec34823f4e54cebde90968092b1835
  rexml (3.4.4) sha256=19e0a2c3425dfbf2d4fc1189747bdb2f849b6c5e74180401b15734bc97b5d142
  ruby2_keywords (0.0.5) sha256=ffd13740c573b7301cf7a2e61fc857b2a8e3d3aff32545d6f8300d8bae10e3ef
  securerandom (0.4.1) sha256=cc5193d414a4341b6e225f0cb4446aceca8e50d5e1888743fac16987638ea0b1
  sinatra (4.2.1) sha256=b7aeb9b11d046b552972ade834f1f9be98b185fa8444480688e3627625377080
  sqlite3 (2.9.5-aarch64-linux-gnu) sha256=78075b6337d3d182c6d2b4691049ed45cd220826160c9ea18946bf6a1de200dc
  sqlite3 (2.9.5-aarch64-linux-musl) sha256=18c801185deb4adc01ddb281e8f672a39e3d1729979ca91e39439cd3eac0402d
  sqlite3 (2.9.5-arm-linux-gnu) sha256=1bdfca0c7d63998c60b0f4a8e3c8df2d33800ccc4abd2d612eddbbbc92a4c48b
  sqlite3 (2.9.5-arm-linux-musl) sha256=bae1109d12b2e9f588455967729b008e1ff4feb7761749df695019c9079913c6
  sqlite3 (2.9.5-arm64-darwin) sha256=d0cf444a70fc9395d513cfbcc1e6719e224aa645314e3824cb0474c721425aa2
  sqlite3 (2.9.5-x86-linux-gnu) sha256=c94b96b16f17796be6fa099d15218b52e396f55690c4760faaaefa21ebab9dd5
  sqlite3 (2.9.5-x86-linux-musl) sha256=063a8c13cbadfe7f29453b1706cbdf91fca4a78d244f816ff20bac4fb259f1e4
  sqlite3 (2.9.5-x86_64-darwin) sha256=8e9caae38bd7ebb29cbeee3e7ab1d12dc2327d9a1b92c7fcf0dda05589627a81
  sqlite3 (2.9.5-x86_64-linux-gnu) sha256=233dbcb6714148dd23bc5aeb33e8efd6eac974969564ddd5794c23d5f52b231e
  sqlite3 (2.9.5-x86_64-linux-musl) sha256=e7d3a7474e8af0f96150c21abc203fbab5437206bfcdf11deab7741c0ca516f2
  tilt (2.8.0) sha256=ba472eb2716fe1e04112d6d219a9dae938ec09a6a1e2ad3ecc7922e79bde3721
  tsort (0.2.0) sha256=9650a793f6859a43b6641671278f79cfead60ac714148aabe4e3f0060480089f
  tzinfo (2.0.6) sha256=8daf828cc77bcf7d63b0e3bdb6caa47e2272dcfaf4fbfe46f8c3a9df087a829b
  uri (1.1.1) sha256=379fa58d27ffb1387eaada68c749d1426738bd0f654d812fcc07e7568f5c57c6
  vcr (6.4.0) sha256=077ac92cc16efc5904eb90492a18153b5e6ca5398046d8a249a7c96a9ea24ae6
  webmock (3.26.2) sha256=774556f2ea6371846cca68c01769b2eac0d134492d21f6d0ab5dd643965a4c90

RUBY VERSION
  ruby 4.0.1

BUNDLED WITH
  4.0.12
